
Microsoft Visual Studio Solution File, Format Version 12.00
# Visual Studio Version 17
VisualStudioVersion = 17.0.31903.59
MinimumVisualStudioVersion = 10.0.40219.1
Project("{2150E333-8FDC-42A3-9474-1A3956D46DE8}") = "src", "src", "{827E0CD3-B72D-47B6-A68D-7590B98EB39B}"
EndProject
Project("{FAE04EC0-301F-11D3-BF4B-00C04F79EFBC}") = "AI.Agent.Domain", "src\AI.Agent.Domain\AI.Agent.Domain.csproj", "{CBEBCA72-5EEF-44C5-93F4-C5CAD50B017E}"
EndProject
Project("{FAE04EC0-301F-11D3-BF4B-00C04F79EFBC}") = "AI.Agent.Application", "src\AI.Agent.Application\AI.Agent.Application.csproj", "{D986161A-38C7-4606-AB1E-B51A8862E48B}"
EndProject
Project("{FAE04EC0-301F-11D3-BF4B-00C04F79EFBC}") = "AI.Agent.Infrastructure", "src\AI.Agent.Infrastructure\AI.Agent.Infrastructure.csproj", "{6EF03295-AD50-43AC-A913-6471D4207A43}"
EndProject
Project("{FAE04EC0-301F-11D3-BF4B-00C04F79EFBC}") = "AI.Agent.API", "src\AI.Agent.API\AI.Agent.API.csproj", "{6DC626CB-5188-4B45-816C-4C20C84D0658}"
EndProject
Project("{FAE04EC0-301F-11D3-BF4B-00C04F79EFBC}") = "AI.Agent.Tests", "tests\AI.Agent.Tests\AI.Agent.Tests.csproj", "{30C4F40C-4A3D-47AB-81F1-B979025D5D94}"
EndProject
Global
	GlobalSection(SolutionConfigurationPlatforms) = preSolution
		Debug|Any CPU = Debug|Any CPU
		Debug|x64 = Debug|x64
		Debug|x86 = Debug|x86
		Release|Any CPU = Release|Any CPU
		Release|x64 = Release|x64
		Release|x86 = Release|x86
	EndGlobalSection
	GlobalSection(ProjectConfigurationPlatforms) = postSolution
		{CBEBCA72-5EEF-44C5-93F4-C5CAD50B017E}.Debug|Any CPU.ActiveCfg = Debug|Any CPU
		{CBEBCA72-5EEF-44C5-93F4-C5CAD50B017E}.Debug|Any CPU.Build.0 = Debug|Any CPU
		{CBEBCA72-5EEF-44C5-93F4-C5CAD50B017E}.Debug|x64.ActiveCfg = Debug|Any CPU
		{CBEBCA72-5EEF-44C5-93F4-C5CAD50B017E}.Debug|x64.Build.0 = Debug|Any CPU
		{CBEBCA72-5EEF-44C5-93F4-C5CAD50B017E}.Debug|x86.ActiveCfg = Debug|Any CPU
		{CBEBCA72-5EEF-44C5-93F4-C5CAD50B017E}.Debug|x86.Build.0 = Debug|Any CPU
		{CBEBCA72-5EEF-44C5-93F4-C5CAD50B017E}.Release|Any CPU.ActiveCfg = Release|Any CPU
		{CBEBCA72-5EEF-44C5-93F4-C5CAD50B017E}.Release|Any CPU.Build.0 = Release|Any CPU
		{CBEBCA72-5EEF-44C5-93F4-C5CAD50B017E}.Release|x64.ActiveCfg = Release|Any CPU
		{CBEBCA72-5EEF-44C5-93F4-C5CAD50B017E}.Release|x64.Build.0 = Release|Any CPU
		{CBEBCA72-5EEF-44C5-93F4-C5CAD50B017E}.Release|x86.ActiveCfg = Release|Any CPU
		{CBEBCA72-5EEF-44C5-93F4-C5CAD50B017E}.Release|x86.Build.0 = Release|Any CPU
		{D986161A-38C7-4606-AB1E-B51A8862E48B}.Debug|Any CPU.ActiveCfg = Debug|Any CPU
		{D986161A-38C7-4606-AB1E-B51A8862E48B}.Debug|Any CPU.Build.0 = Debug|Any CPU
		{D986161A-38C7-4606-AB1E-B51A8862E48B}.Debug|x64.ActiveCfg = Debug|Any CPU
		{D986161A-38C7-4606-AB1E-B51A8862E48B}.Debug|x64.Build.0 = Debug|Any CPU
		{D986161A-38C7-4606-AB1E-B51A8862E48B}.Debug|x86.ActiveCfg = Debug|Any CPU
		{D986161A-38C7-4606-AB1E-B51A8862E48B}.Debug|x86.Build.0 = Debug|Any CPU
		{D986161A-38C7-4606-AB1E-B51A8862E48B}.Release|Any CPU.ActiveCfg = Release|Any CPU
		{D986161A-38C7-4606-AB1E-B51A8862E48B}.Release|Any CPU.Build.0 = Release|Any CPU
		{D986161A-38C7-4606-AB1E-B51A8862E48B}.Release|x64.ActiveCfg = Release|Any CPU
		{D986161A-38C7-4606-AB1E-B51A8862E48B}.Release|x64.Build.0 = Release|Any CPU
		{D986161A-38C7-4606-AB1E-B51A8862E48B}.Release|x86.ActiveCfg = Release|Any CPU
		{D986161A-38C7-4606-AB1E-B51A8862E48B}.Release|x86.Build.0 = Release|Any CPU
		{6EF03295-AD50-43AC-A913-6471D4207A43}.Debug|Any CPU.ActiveCfg = Debug|Any CPU
		{6EF03295-AD50-43AC-A913-6471D4207A43}.Debug|Any CPU.Build.0 = Debug|Any CPU
		{6EF03295-AD50-43AC-A913-6471D4207A43}.Debug|x64.ActiveCfg = Debug|Any CPU
		{6EF03295-AD50-43AC-A913-6471D4207A43}.Debug|x64.Build.0 = Debug|Any CPU
		{6EF03295-AD50-43AC-A913-6471D4207A43}.Debug|x86.ActiveCfg = Debug|Any CPU
		{6EF03295-AD50-43AC-A913-6471D4207A43}.Debug|x86.Build.0 = Debug|Any CPU
		{6EF03295-AD50-43AC-A913-6471D4207A43}.Release|Any CPU.ActiveCfg = Release|Any CPU
		{6EF03295-AD50-43AC-A913-6471D4207A43}.Release|Any CPU.Build.0 = Release|Any CPU
		{6EF03295-AD50-43AC-A913-6471D4207A43}.Release|x64.ActiveCfg = Release|Any CPU
		{6EF03295-AD50-43AC-A913-6471D4207A43}.Release|x64.Build.0 = Release|Any CPU
		{6EF03295-AD50-43AC-A913-6471D4207A43}.Release|x86.ActiveCfg = Release|Any CPU
		{6EF03295-AD50-43AC-A913-6471D4207A43}.Release|x86.Build.0 = Release|Any CPU
		{6DC626CB-5188-4B45-816C-4C20C84D0658}.Debug|Any CPU.ActiveCfg = Debug|Any CPU
		{6DC626CB-5188-4B45-816C-4C20C84D0658}.Debug|Any CPU.Build.0 = Debug|Any CPU
		{6DC626CB-5188-4B45-816C-4C20C84D0658}.Debug|x64.ActiveCfg = Debug|Any CPU
		{6DC626CB-5188-4B45-816C-4C20C84D0658}.Debug|x64.Build.0 = Debug|Any CPU
		{6DC626CB-5188-4B45-816C-4C20C84D0658}.Debug|x86.ActiveCfg = Debug|Any CPU
		{6DC626CB-5188-4B45-816C-4C20C84D0658}.Debug|x86.Build.0 = Debug|Any CPU
		{6DC626CB-5188-4B45-816C-4C20C84D0658}.Release|Any CPU.ActiveCfg = Release|Any CPU
		{6DC626CB-5188-4B45-816C-4C20C84D0658}.Release|Any CPU.Build.0 = Release|Any CPU
		{6DC626CB-5188-4B45-816C-4C20C84D0658}.Release|x64.ActiveCfg = Release|Any CPU
		{6DC626CB-5188-4B45-816C-4C20C84D0658}.Release|x64.Build.0 = Release|Any CPU
		{6DC626CB-5188-4B45-816C-4C20C84D0658}.Release|x86.ActiveCfg = Release|Any CPU
		{6DC626CB-5188-4B45-816C-4C20C84D0658}.Release|x86.Build.0 = Release|Any CPU
		{30C4F40C-4A3D-47AB-81F1-B979025D5D94}.Debug|Any CPU.ActiveCfg = Debug|Any CPU
		{30C4F40C-4A3D-47AB-81F1-B979025D5D94}.Debug|Any CPU.Build.0 = Debug|Any CPU
		{30C4F40C-4A3D-47AB-81F1-B979025D5D94}.Debug|x64.ActiveCfg = Debug|Any CPU
		{30C4F40C-4A3D-47AB-81F1-B979025D5D94}.Debug|x64.Build.0 = Debug|Any CPU
		{30C4F40C-4A3D-47AB-81F1-B979025D5D94}.Debug|x86.ActiveCfg = Debug|Any CPU
		{30C4F40C-4A3D-47AB-81F1-B979025D5D94}.Debug|x86.Build.0 = Debug|Any CPU
		{30C4F40C-4A3D-47AB-81F1-B979025D5D94}.Release|Any CPU.ActiveCfg = Release|Any CPU
		{30C4F40C-4A3D-47AB-81F1-B979025D5D94}.Release|Any CPU.Build.0 = Release|Any CPU
		{30C4F40C-4A3D-47AB-81F1-B979025D5D94}.Release|x64.ActiveCfg = Release|Any CPU
		{30C4F40C-4A3D-47AB-81F1-B979025D5D94}.Release|x64.Build.0 = Release|Any CPU
		{30C4F40C-4A3D-47AB-81F1-B979025D5D94}.Release|x86.ActiveCfg = Release|Any CPU
		{30C4F40C-4A3D-47AB-81F1-B979025D5D94}.Release|x86.Build.0 = Release|Any CPU
	EndGlobalSection
	GlobalSection(SolutionProperties) = preSolution
		HideSolutionNode = FALSE
	EndGlobalSection
	GlobalSection(NestedProjects) = preSolution
		{CBEBCA72-5EEF-44C5-93F4-C5CAD50B017E} = {827E0CD3-B72D-47B6-A68D-7590B98EB39B}
		{D986161A-38C7-4606-AB1E-B51A8862E48B} = {827E0CD3-B72D-47B6-A68D-7590B98EB39B}
		{6EF03295-AD50-43AC-A913-6471D4207A43} = {827E0CD3-B72D-47B6-A68D-7590B98EB39B}
		{6DC626CB-5188-4B45-816C-4C20C84D0658} = {827E0CD3-B72D-47B6-A68D-7590B98EB39B}
		{30C4F40C-4A3D-47AB-81F1-B979025D5D94} = {827E0CD3-B72D-47B6-A68D-7590B98EB39B}
	EndGlobalSection
EndGlobal
